
Microsoft Visual Studio Solution File, Format Version 12.00
# Visual Studio Version 16
VisualStudioVersion = 16.0.31515.178
MinimumVisualStudioVersion = 10.0.40219.1
Project("{FAE04EC0-301F-11D3-BF4B-00C04F79EFBC}") = "dictionary", "dictionary\dictionary.csproj", "{7DF0AB1F-950C-4C14-A3DF-A406F6033829}"
EndProject
Global
	GlobalSection(SolutionConfigurationPlatforms) = preSolution
		Debug|Any CPU = Debug|Any CPU
		Release|Any CPU = Release|Any CPU
	EndGlobalSection
	GlobalSection(ProjectConfigurationPlatforms) = postSolution
		{7DF0AB1F-950C-4C14-A3DF-A406F6033829}.Debug|Any CPU.ActiveCfg = Debug|Any CPU
		{7DF0AB1F-950C-4C14-A3DF-A406F6033829}.Debug|Any CPU.Build.0 = Debug|Any CPU
		{7DF0AB1F-950C-4C14-A3DF-A406F6033829}.Release|Any CPU.ActiveCfg = Release|Any CPU
		{7DF0AB1F-950C-4C14-A3DF-A406F6033829}.Release|Any CPU.Build.0 = Release|Any CPU
	EndGlobalSection
	GlobalSection(SolutionProperties) = preSolution
		HideSolutionNode = FALSE
	EndGlobalSection
	GlobalSection(ExtensibilityGlobals) = postSolution
		SolutionGuid = {46EB0DAE-34F7-438B-A30F-23ED31952411}
	EndGlobalSection
EndGlobal
